
Microsoft Visual Studio Solution File, Format Version 12.00
# Visual Studio 15
Project("{FAE04EC0-301F-11D3-BF4B-00C04F79EFBC}") = "followthewhiterabbit", "followthewhiterabbit\followthewhiterabbit.csproj", "{D5171D3B-F33A-4B91-9B7B-0BF86610CD1D}"
EndProject
Global
	GlobalSection(SolutionConfigurationPlatforms) = preSolution
		Debug|Any CPU = Debug|Any CPU
		Release|Any CPU = Release|Any CPU
	EndGlobalSection
	GlobalSection(ProjectConfigurationPlatforms) = postSolution
		{D5171D3B-F33A-4B91-9B7B-0BF86610CD1D}.Debug|Any CPU.ActiveCfg = Debug|Any CPU
		{D5171D3B-F33A-4B91-9B7B-0BF86610CD1D}.Debug|Any CPU.Build.0 = Debug|Any CPU
		{D5171D3B-F33A-4B91-9B7B-0BF86610CD1D}.Release|Any CPU.ActiveCfg = Release|Any CPU
		{D5171D3B-F33A-4B91-9B7B-0BF86610CD1D}.Release|Any CPU.Build.0 = Release|Any CPU
	EndGlobalSection
EndGlobal
